// !$*UTF8*$!
{
	archiveVersion = 1;
	classes = {
	};
	objectVersion = 46;
	objects = {

/* Begin PBXBuildFile section */
		842AC508192512B2001EC6CC /* AADailyInventoryYesNoQuestionTableViewCell.m in Sources */ = {isa = PBXBuildFile; fileRef = 842AC507192512B2001EC6CC /* AADailyInventoryYesNoQuestionTableViewCell.m */; };
		842AC50B1925134A001EC6CC /* AADailyInventoryDescriptiveQuestionTableViewCell.m in Sources */ = {isa = PBXBuildFile; fileRef = 842AC50A1925134A001EC6CC /* AADailyInventoryDescriptiveQuestionTableViewCell.m */; };
		843273DF191DC67B0085B484 /* AADailyInventoryQuestionTableViewCell.m in Sources */ = {isa = PBXBuildFile; fileRef = 843273DE191DC67B0085B484 /* AADailyInventoryQuestionTableViewCell.m */; };
		844A7B761920C62B004AD4A8 /* NSDate+AAAdditions.m in Sources */ = {isa = PBXBuildFile; fileRef = 844A7B751920C62B004AD4A8 /* NSDate+AAAdditions.m */; };
		846ABC28192BB15A00558785 /* AddressBookUI.framework in Frameworks */ = {isa = PBXBuildFile; fileRef = 846ABC27192BB15A00558785 /* AddressBookUI.framework */; };
		84EBC3351915CD250063F4EA /* Foundation.framework in Frameworks */ = {isa = PBXBuildFile; fileRef = 84EBC3341915CD250063F4EA /* Foundation.framework */; };
		84EBC3371915CD250063F4EA /* CoreGraphics.framework in Frameworks */ = {isa = PBXBuildFile; fileRef = 84EBC3361915CD250063F4EA /* CoreGraphics.framework */; };
		84EBC3391915CD250063F4EA /* UIKit.framework in Frameworks */ = {isa = PBXBuildFile; fileRef = 84EBC3381915CD250063F4EA /* UIKit.framework */; };
		84EBC33F1915CD250063F4EA /* InfoPlist.strings in Resources */ = {isa = PBXBuildFile; fileRef = 84EBC33D1915CD250063F4EA /* InfoPlist.strings */; };
		84EBC3411915CD250063F4EA /* main.m in Sources */ = {isa = PBXBuildFile; fileRef = 84EBC3401915CD250063F4EA /* main.m */; };
		84EBC3451915CD250063F4EA /* AAAppDelegate.m in Sources */ = {isa = PBXBuildFile; fileRef = 84EBC3441915CD250063F4EA /* AAAppDelegate.m */; };
		84EBC34B1915CD250063F4EA /* Main_iPad.storyboard in Resources */ = {isa = PBXBuildFile; fileRef = 84EBC3491915CD250063F4EA /* Main_iPad.storyboard */; };
		84EBC3501915CD250063F4EA /* Images.xcassets in Resources */ = {isa = PBXBuildFile; fileRef = 84EBC34F1915CD250063F4EA /* Images.xcassets */; };
		84EBC3571915CD250063F4EA /* XCTest.framework in Frameworks */ = {isa = PBXBuildFile; fileRef = 84EBC3561915CD250063F4EA /* XCTest.framework */; };
		84EBC3581915CD250063F4EA /* Foundation.framework in Frameworks */ = {isa = PBXBuildFile; fileRef = 84EBC3341915CD250063F4EA /* Foundation.framework */; };
		84EBC3591915CD250063F4EA /* UIKit.framework in Frameworks */ = {isa = PBXBuildFile; fileRef = 84EBC3381915CD250063F4EA /* UIKit.framework */; };
		84EBC3611915CD250063F4EA /* InfoPlist.strings in Resources */ = {isa = PBXBuildFile; fileRef = 84EBC35F1915CD250063F4EA /* InfoPlist.strings */; };
		84FAD12B191A8F1800B72BC5 /* XCTest.framework in Frameworks */ = {isa = PBXBuildFile; fileRef = 84EBC3561915CD250063F4EA /* XCTest.framework */; };
		84FAD12C191A8F1800B72BC5 /* Foundation.framework in Frameworks */ = {isa = PBXBuildFile; fileRef = 84EBC3341915CD250063F4EA /* Foundation.framework */; };
		84FAD12D191A8F1800B72BC5 /* UIKit.framework in Frameworks */ = {isa = PBXBuildFile; fileRef = 84EBC3381915CD250063F4EA /* UIKit.framework */; };
		84FC238B19235AC10012F57C /* InventoryQuestion+AAAdditions.m in Sources */ = {isa = PBXBuildFile; fileRef = 84FC238A19235AC10012F57C /* InventoryQuestion+AAAdditions.m */; };
		84FEDF04191B77F900767CB0 /* EventKit.framework in Frameworks */ = {isa = PBXBuildFile; fileRef = 84FEDF03191B77F900767CB0 /* EventKit.framework */; };
		84FEDF0A191BCBD700767CB0 /* Model.xcdatamodeld in Sources */ = {isa = PBXBuildFile; fileRef = 84FEDF08191BCBD700767CB0 /* Model.xcdatamodeld */; };
		84FEDF1F191BD46200767CB0 /* Main_iPhone.storyboard in Resources */ = {isa = PBXBuildFile; fileRef = 84FEDF1D191BD46200767CB0 /* Main_iPhone.storyboard */; };
		84FEDF25191BD9BF00767CB0 /* AADailyInventoryViewController.m in Sources */ = {isa = PBXBuildFile; fileRef = 84FEDF24191BD9BF00767CB0 /* AADailyInventoryViewController.m */; };
		84FEDF28191CDF3700767CB0 /* AAUserDataManager.m in Sources */ = {isa = PBXBuildFile; fileRef = 84FEDF27191CDF3700767CB0 /* AAUserDataManager.m */; };
		84FEDF2A191CE05400767CB0 /* CoreData.framework in Frameworks */ = {isa = PBXBuildFile; fileRef = 84FEDF29191CE05400767CB0 /* CoreData.framework */; };
		84FEDF2C191D181400767CB0 /* AAUserDataManagerTests.m in Sources */ = {isa = PBXBuildFile; fileRef = 84FEDF2B191D181400767CB0 /* AAUserDataManagerTests.m */; };
		84FEDF2F191D292700767CB0 /* Amend+AAAdditions.m in Sources */ = {isa = PBXBuildFile; fileRef = 84FEDF2E191D292700767CB0 /* Amend+AAAdditions.m */; };
		84FEDF3B191DA95D00767CB0 /* DailyInventory+AAAdditions.m in Sources */ = {isa = PBXBuildFile; fileRef = 84FEDF3A191DA95D00767CB0 /* DailyInventory+AAAdditions.m */; };
		84FEDF3E191DBB1900767CB0 /* AAEditDailyInventoryViewController.m in Sources */ = {isa = PBXBuildFile; fileRef = 84FEDF3D191DBB1900767CB0 /* AAEditDailyInventoryViewController.m */; };
		E2006252192A103C00142609 /* AddressBook.framework in Frameworks */ = {isa = PBXBuildFile; fileRef = E2006251192A103C00142609 /* AddressBook.framework */; };
		E2006258192A11A900142609 /* AAContactsListViewController.m in Sources */ = {isa = PBXBuildFile; fileRef = E2006257192A11A900142609 /* AAContactsListViewController.m */; };
		E200626A192A1B8300142609 /* Amend.m in Sources */ = {isa = PBXBuildFile; fileRef = E2006269192A1B8300142609 /* Amend.m */; };
		E200626D192A1B8400142609 /* Resentment.m in Sources */ = {isa = PBXBuildFile; fileRef = E200626C192A1B8400142609 /* Resentment.m */; };
		E2006270192A1B8400142609 /* Contact.m in Sources */ = {isa = PBXBuildFile; fileRef = E200626F192A1B8400142609 /* Contact.m */; };
		E2006273192A1B8400142609 /* DailyInventory.m in Sources */ = {isa = PBXBuildFile; fileRef = E2006272192A1B8400142609 /* DailyInventory.m */; };
		E2006276192A1B8400142609 /* InventoryQuestion.m in Sources */ = {isa = PBXBuildFile; fileRef = E2006275192A1B8400142609 /* InventoryQuestion.m */; };
		E246D1291926187700D0CC1E /* AACallButton.m in Sources */ = {isa = PBXBuildFile; fileRef = E246D1281926187700D0CC1E /* AACallButton.m */; };
/* End PBXBuildFile section */

/* Begin PBXContainerItemProxy section */
		84EBC35A1915CD250063F4EA /* PBXContainerItemProxy */ = {
			isa = PBXContainerItemProxy;
			containerPortal = 84EBC3291915CD250063F4EA /* Project object */;
			proxyType = 1;
			remoteGlobalIDString = 84EBC3301915CD250063F4EA;
			remoteInfo = Steps;
		};
		84FAD137191A8F1800B72BC5 /* PBXContainerItemProxy */ = {
			isa = PBXContainerItemProxy;
			containerPortal = 84EBC3291915CD250063F4EA /* Project object */;
			proxyType = 1;
			remoteGlobalIDString = 84EBC3301915CD250063F4EA;
			remoteInfo = Steps;
		};
/* End PBXContainerItemProxy section */

/* Begin PBXFileReference section */
		842AC506192512B2001EC6CC /* AADailyInventoryYesNoQuestionTableViewCell.h */ = {isa = PBXFileReference; fileEncoding = 4; lastKnownFileType = sourcecode.c.h; name = AADailyInventoryYesNoQuestionTableViewCell.h; path = Classes/AADailyInventoryYesNoQuestionTableViewCell.h; sourceTree = SOURCE_ROOT; };
		842AC507192512B2001EC6CC /* AADailyInventoryYesNoQuestionTableViewCell.m */ = {isa = PBXFileReference; fileEncoding = 4; lastKnownFileType = sourcecode.c.objc; name = AADailyInventoryYesNoQuestionTableViewCell.m; path = Classes/AADailyInventoryYesNoQuestionTableViewCell.m; sourceTree = SOURCE_ROOT; };
		842AC5091925134A001EC6CC /* AADailyInventoryDescriptiveQuestionTableViewCell.h */ = {isa = PBXFileReference; fileEncoding = 4; lastKnownFileType = sourcecode.c.h; name = AADailyInventoryDescriptiveQuestionTableViewCell.h; path = Classes/AADailyInventoryDescriptiveQuestionTableViewCell.h; sourceTree = SOURCE_ROOT; };
		842AC50A1925134A001EC6CC /* AADailyInventoryDescriptiveQuestionTableViewCell.m */ = {isa = PBXFileReference; fileEncoding = 4; lastKnownFileType = sourcecode.c.objc; name = AADailyInventoryDescriptiveQuestionTableViewCell.m; path = Classes/AADailyInventoryDescriptiveQuestionTableViewCell.m; sourceTree = SOURCE_ROOT; };
		843273DD191DC67B0085B484 /* AADailyInventoryQuestionTableViewCell.h */ = {isa = PBXFileReference; fileEncoding = 4; lastKnownFileType = sourcecode.c.h; name = AADailyInventoryQuestionTableViewCell.h; path = Classes/AADailyInventoryQuestionTableViewCell.h; sourceTree = SOURCE_ROOT; };
		843273DE191DC67B0085B484 /* AADailyInventoryQuestionTableViewCell.m */ = {isa = PBXFileReference; fileEncoding = 4; lastKnownFileType = sourcecode.c.objc; name = AADailyInventoryQuestionTableViewCell.m; path = Classes/AADailyInventoryQuestionTableViewCell.m; sourceTree = SOURCE_ROOT; };
		844A7B741920C62B004AD4A8 /* NSDate+AAAdditions.h */ = {isa = PBXFileReference; fileEncoding = 4; lastKnownFileType = sourcecode.c.h; name = "NSDate+AAAdditions.h"; path = "Classes/NSDate+AAAdditions.h"; sourceTree = SOURCE_ROOT; };
		844A7B751920C62B004AD4A8 /* NSDate+AAAdditions.m */ = {isa = PBXFileReference; fileEncoding = 4; lastKnownFileType = sourcecode.c.objc; name = "NSDate+AAAdditions.m"; path = "Classes/NSDate+AAAdditions.m"; sourceTree = SOURCE_ROOT; };
		846ABC27192BB15A00558785 /* AddressBookUI.framework */ = {isa = PBXFileReference; lastKnownFileType = wrapper.framework; name = AddressBookUI.framework; path = System/Library/Frameworks/AddressBookUI.framework; sourceTree = SDKROOT; };
		84EBC3311915CD250063F4EA /* Steps.app */ = {isa = PBXFileReference; explicitFileType = wrapper.application; includeInIndex = 0; path = Steps.app; sourceTree = BUILT_PRODUCTS_DIR; };
		84EBC3341915CD250063F4EA /* Foundation.framework */ = {isa = PBXFileReference; lastKnownFileType = wrapper.framework; name = Foundation.framework; path = System/Library/Frameworks/Foundation.framework; sourceTree = SDKROOT; };
		84EBC3361915CD250063F4EA /* CoreGraphics.framework */ = {isa = PBXFileReference; lastKnownFileType = wrapper.framework; name = CoreGraphics.framework; path = System/Library/Frameworks/CoreGraphics.framework; sourceTree = SDKROOT; };
		84EBC3381915CD250063F4EA /* UIKit.framework */ = {isa = PBXFileReference; lastKnownFileType = wrapper.framework; name = UIKit.framework; path = System/Library/Frameworks/UIKit.framework; sourceTree = SDKROOT; };
		84EBC33C1915CD250063F4EA /* Steps-Info.plist */ = {isa = PBXFileReference; lastKnownFileType = text.plist.xml; path = "Steps-Info.plist"; sourceTree = "<group>"; };
		84EBC33E1915CD250063F4EA /* en */ = {isa = PBXFileReference; lastKnownFileType = text.plist.strings; name = en; path = en.lproj/InfoPlist.strings; sourceTree = "<group>"; };
		84EBC3401915CD250063F4EA /* main.m */ = {isa = PBXFileReference; lastKnownFileType = sourcecode.c.objc; path = main.m; sourceTree = "<group>"; };
		84EBC3421915CD250063F4EA /* Steps-Prefix.pch */ = {isa = PBXFileReference; lastKnownFileType = sourcecode.c.h; path = "Steps-Prefix.pch"; sourceTree = "<group>"; };
		84EBC3431915CD250063F4EA /* AAAppDelegate.h */ = {isa = PBXFileReference; lastKnownFileType = sourcecode.c.h; path = AAAppDelegate.h; sourceTree = "<group>"; };
		84EBC3441915CD250063F4EA /* AAAppDelegate.m */ = {isa = PBXFileReference; lastKnownFileType = sourcecode.c.objc; path = AAAppDelegate.m; sourceTree = "<group>"; };
		84EBC34A1915CD250063F4EA /* Base */ = {isa = PBXFileReference; lastKnownFileType = file.storyboard; name = Base; path = Base.lproj/Main_iPad.storyboard; sourceTree = "<group>"; };
		84EBC34F1915CD250063F4EA /* Images.xcassets */ = {isa = PBXFileReference; lastKnownFileType = folder.assetcatalog; path = Images.xcassets; sourceTree = "<group>"; };
		84EBC3551915CD250063F4EA /* StepsTests.xctest */ = {isa = PBXFileReference; explicitFileType = wrapper.cfbundle; includeInIndex = 0; path = StepsTests.xctest; sourceTree = BUILT_PRODUCTS_DIR; };
		84EBC3561915CD250063F4EA /* XCTest.framework */ = {isa = PBXFileReference; lastKnownFileType = wrapper.framework; name = XCTest.framework; path = Library/Frameworks/XCTest.framework; sourceTree = DEVELOPER_DIR; };
		84EBC35E1915CD250063F4EA /* StepsTests-Info.plist */ = {isa = PBXFileReference; lastKnownFileType = text.plist.xml; path = "StepsTests-Info.plist"; sourceTree = "<group>"; };
		84EBC3601915CD250063F4EA /* en */ = {isa = PBXFileReference; lastKnownFileType = text.plist.strings; name = en; path = en.lproj/InfoPlist.strings; sourceTree = "<group>"; };
		84FAD12A191A8F1800B72BC5 /* Steps_Tests.xctest */ = {isa = PBXFileReference; explicitFileType = wrapper.cfbundle; includeInIndex = 0; path = Steps_Tests.xctest; sourceTree = BUILT_PRODUCTS_DIR; };
		84FC238919235AC10012F57C /* InventoryQuestion+AAAdditions.h */ = {isa = PBXFileReference; fileEncoding = 4; lastKnownFileType = sourcecode.c.h; name = "InventoryQuestion+AAAdditions.h"; path = "Classes/InventoryQuestion+AAAdditions.h"; sourceTree = SOURCE_ROOT; };
		84FC238A19235AC10012F57C /* InventoryQuestion+AAAdditions.m */ = {isa = PBXFileReference; fileEncoding = 4; lastKnownFileType = sourcecode.c.objc; name = "InventoryQuestion+AAAdditions.m"; path = "Classes/InventoryQuestion+AAAdditions.m"; sourceTree = SOURCE_ROOT; };
		84FEDF03191B77F900767CB0 /* EventKit.framework */ = {isa = PBXFileReference; lastKnownFileType = wrapper.framework; name = EventKit.framework; path = System/Library/Frameworks/EventKit.framework; sourceTree = SDKROOT; };
		84FEDF09191BCBD700767CB0 /* Model.xcdatamodel */ = {isa = PBXFileReference; lastKnownFileType = wrapper.xcdatamodel; path = Model.xcdatamodel; sourceTree = "<group>"; };
		84FEDF1E191BD46200767CB0 /* Base */ = {isa = PBXFileReference; lastKnownFileType = file.storyboard; name = Base; path = Steps/Base.lproj/Main_iPhone.storyboard; sourceTree = "<group>"; };
		84FEDF23191BD9BF00767CB0 /* AADailyInventoryViewController.h */ = {isa = PBXFileReference; fileEncoding = 4; lastKnownFileType = sourcecode.c.h; name = AADailyInventoryViewController.h; path = Classes/AADailyInventoryViewController.h; sourceTree = "<group>"; };
		84FEDF24191BD9BF00767CB0 /* AADailyInventoryViewController.m */ = {isa = PBXFileReference; fileEncoding = 4; lastKnownFileType = sourcecode.c.objc; name = AADailyInventoryViewController.m; path = Classes/AADailyInventoryViewController.m; sourceTree = "<group>"; };
		84FEDF26191CDF3700767CB0 /* AAUserDataManager.h */ = {isa = PBXFileReference; fileEncoding = 4; lastKnownFileType = sourcecode.c.h; name = AAUserDataManager.h; path = Classes/AAUserDataManager.h; sourceTree = SOURCE_ROOT; };
		84FEDF27191CDF3700767CB0 /* AAUserDataManager.m */ = {isa = PBXFileReference; fileEncoding = 4; lastKnownFileType = sourcecode.c.objc; name = AAUserDataManager.m; path = Classes/AAUserDataManager.m; sourceTree = SOURCE_ROOT; };
		84FEDF29191CE05400767CB0 /* CoreData.framework */ = {isa = PBXFileReference; lastKnownFileType = wrapper.framework; name = CoreData.framework; path = System/Library/Frameworks/CoreData.framework; sourceTree = SDKROOT; };
		84FEDF2B191D181400767CB0 /* AAUserDataManagerTests.m */ = {isa = PBXFileReference; fileEncoding = 4; lastKnownFileType = sourcecode.c.objc; path = AAUserDataManagerTests.m; sourceTree = "<group>"; };
		84FEDF2D191D292700767CB0 /* Amend+AAAdditions.h */ = {isa = PBXFileReference; fileEncoding = 4; lastKnownFileType = sourcecode.c.h; name = "Amend+AAAdditions.h"; path = "Classes/Amend+AAAdditions.h"; sourceTree = SOURCE_ROOT; };
		84FEDF2E191D292700767CB0 /* Amend+AAAdditions.m */ = {isa = PBXFileReference; fileEncoding = 4; lastKnownFileType = sourcecode.c.objc; name = "Amend+AAAdditions.m"; path = "Classes/Amend+AAAdditions.m"; sourceTree = SOURCE_ROOT; };
		84FEDF39191DA95D00767CB0 /* DailyInventory+AAAdditions.h */ = {isa = PBXFileReference; fileEncoding = 4; lastKnownFileType = sourcecode.c.h; name = "DailyInventory+AAAdditions.h"; path = "Classes/DailyInventory+AAAdditions.h"; sourceTree = SOURCE_ROOT; };
		84FEDF3A191DA95D00767CB0 /* DailyInventory+AAAdditions.m */ = {isa = PBXFileReference; fileEncoding = 4; lastKnownFileType = sourcecode.c.objc; name = "DailyInventory+AAAdditions.m"; path = "Classes/DailyInventory+AAAdditions.m"; sourceTree = SOURCE_ROOT; };
		84FEDF3C191DBB1900767CB0 /* AAEditDailyInventoryViewController.h */ = {isa = PBXFileReference; fileEncoding = 4; lastKnownFileType = sourcecode.c.h; name = AAEditDailyInventoryViewController.h; path = Classes/AAEditDailyInventoryViewController.h; sourceTree = "<group>"; };
		84FEDF3D191DBB1900767CB0 /* AAEditDailyInventoryViewController.m */ = {isa = PBXFileReference; fileEncoding = 4; lastKnownFileType = sourcecode.c.objc; name = AAEditDailyInventoryViewController.m; path = Classes/AAEditDailyInventoryViewController.m; sourceTree = "<group>"; };
		E2006251192A103C00142609 /* AddressBook.framework */ = {isa = PBXFileReference; lastKnownFileType = wrapper.framework; name = AddressBook.framework; path = System/Library/Frameworks/AddressBook.framework; sourceTree = SDKROOT; };
		E2006256192A11A900142609 /* AAContactsListViewController.h */ = {isa = PBXFileReference; fileEncoding = 4; lastKnownFileType = sourcecode.c.h; name = AAContactsListViewController.h; path = Classes/AAContactsListViewController.h; sourceTree = "<group>"; };
		E2006257192A11A900142609 /* AAContactsListViewController.m */ = {isa = PBXFileReference; fileEncoding = 4; lastKnownFileType = sourcecode.c.objc; name = AAContactsListViewController.m; path = Classes/AAContactsListViewController.m; sourceTree = "<group>"; };
		E2006268192A1B8300142609 /* Amend.h */ = {isa = PBXFileReference; fileEncoding = 4; lastKnownFileType = sourcecode.c.h; name = Amend.h; path = Classes/Amend.h; sourceTree = SOURCE_ROOT; };
		E2006269192A1B8300142609 /* Amend.m */ = {isa = PBXFileReference; fileEncoding = 4; lastKnownFileType = sourcecode.c.objc; name = Amend.m; path = Classes/Amend.m; sourceTree = SOURCE_ROOT; };
		E200626B192A1B8400142609 /* Resentment.h */ = {isa = PBXFileReference; fileEncoding = 4; lastKnownFileType = sourcecode.c.h; name = Resentment.h; path = Classes/Resentment.h; sourceTree = SOURCE_ROOT; };
		E200626C192A1B8400142609 /* Resentment.m */ = {isa = PBXFileReference; fileEncoding = 4; lastKnownFileType = sourcecode.c.objc; name = Resentment.m; path = Classes/Resentment.m; sourceTree = SOURCE_ROOT; };
		E200626E192A1B8400142609 /* Contact.h */ = {isa = PBXFileReference; fileEncoding = 4; lastKnownFileType = sourcecode.c.h; name = Contact.h; path = Classes/Contact.h; sourceTree = SOURCE_ROOT; };
		E200626F192A1B8400142609 /* Contact.m */ = {isa = PBXFileReference; fileEncoding = 4; lastKnownFileType = sourcecode.c.objc; name = Contact.m; path = Classes/Contact.m; sourceTree = SOURCE_ROOT; };
		E2006271192A1B8400142609 /* DailyInventory.h */ = {isa = PBXFileReference; fileEncoding = 4; lastKnownFileType = sourcecode.c.h; name = DailyInventory.h; path = Classes/DailyInventory.h; sourceTree = SOURCE_ROOT; };
		E2006272192A1B8400142609 /* DailyInventory.m */ = {isa = PBXFileReference; fileEncoding = 4; lastKnownFileType = sourcecode.c.objc; name = DailyInventory.m; path = Classes/DailyInventory.m; sourceTree = SOURCE_ROOT; };
		E2006274192A1B8400142609 /* InventoryQuestion.h */ = {isa = PBXFileReference; fileEncoding = 4; lastKnownFileType = sourcecode.c.h; name = InventoryQuestion.h; path = Classes/InventoryQuestion.h; sourceTree = SOURCE_ROOT; };
		E2006275192A1B8400142609 /* InventoryQuestion.m */ = {isa = PBXFileReference; fileEncoding = 4; lastKnownFileType = sourcecode.c.objc; name = InventoryQuestion.m; path = Classes/InventoryQuestion.m; sourceTree = SOURCE_ROOT; };
		E246D1271926187700D0CC1E /* AACallButton.h */ = {isa = PBXFileReference; fileEncoding = 4; lastKnownFileType = sourcecode.c.h; name = AACallButton.h; path = Classes/AACallButton.h; sourceTree = SOURCE_ROOT; };
		E246D1281926187700D0CC1E /* AACallButton.m */ = {isa = PBXFileReference; fileEncoding = 4; lastKnownFileType = sourcecode.c.objc; name = AACallButton.m; path = Classes/AACallButton.m; sourceTree = SOURCE_ROOT; };
/* End PBXFileReference section */

/* Begin PBXFrameworksBuildPhase section */
		84EBC32E1915CD250063F4EA /* Frameworks */ = {
			isa = PBXFrameworksBuildPhase;
			buildActionMask = 2147483647;
			files = (
				846ABC28192BB15A00558785 /* AddressBookUI.framework in Frameworks */,
				E2006252192A103C00142609 /* AddressBook.framework in Frameworks */,
				84FEDF2A191CE05400767CB0 /* CoreData.framework in Frameworks */,
				84FEDF04191B77F900767CB0 /* EventKit.framework in Frameworks */,
				84EBC3371915CD250063F4EA /* CoreGraphics.framework in Frameworks */,
				84EBC3391915CD250063F4EA /* UIKit.framework in Frameworks */,
				84EBC3351915CD250063F4EA /* Foundation.framework in Frameworks */,
			);
			runOnlyForDeploymentPostprocessing = 0;
		};
		84EBC3521915CD250063F4EA /* Frameworks */ = {
			isa = PBXFrameworksBuildPhase;
			buildActionMask = 2147483647;
			files = (
				84EBC3571915CD250063F4EA /* XCTest.framework in Frameworks */,
				84EBC3591915CD250063F4EA /* UIKit.framework in Frameworks */,
				84EBC3581915CD250063F4EA /* Foundation.framework in Frameworks */,
			);
			runOnlyForDeploymentPostprocessing = 0;
		};
		84FAD127191A8F1800B72BC5 /* Frameworks */ = {
			isa = PBXFrameworksBuildPhase;
			buildActionMask = 2147483647;
			files = (
				84FAD12B191A8F1800B72BC5 /* XCTest.framework in Frameworks */,
				84FAD12D191A8F1800B72BC5 /* UIKit.framework in Frameworks */,
				84FAD12C191A8F1800B72BC5 /* Foundation.framework in Frameworks */,
			);
			runOnlyForDeploymentPostprocessing = 0;
		};
/* End PBXFrameworksBuildPhase section */

/* Begin PBXGroup section */
		84491B2F1918A767006073B3 /* Views */ = {
			isa = PBXGroup;
			children = (
				E246D1271926187700D0CC1E /* AACallButton.h */,
				E246D1281926187700D0CC1E /* AACallButton.m */,
				E2006255192A117C00142609 /* Daily Inventory */,
			);
			name = Views;
			sourceTree = "<group>";
		};
		846ABC25192B308200558785 /* Managed Objects */ = {
			isa = PBXGroup;
			children = (
				E2006268192A1B8300142609 /* Amend.h */,
				E2006269192A1B8300142609 /* Amend.m */,
				84FEDF2D191D292700767CB0 /* Amend+AAAdditions.h */,
				84FEDF2E191D292700767CB0 /* Amend+AAAdditions.m */,
				E200626E192A1B8400142609 /* Contact.h */,
				E200626F192A1B8400142609 /* Contact.m */,
				E2006271192A1B8400142609 /* DailyInventory.h */,
				E2006272192A1B8400142609 /* DailyInventory.m */,
				84FEDF39191DA95D00767CB0 /* DailyInventory+AAAdditions.h */,
				84FEDF3A191DA95D00767CB0 /* DailyInventory+AAAdditions.m */,
				E2006274192A1B8400142609 /* InventoryQuestion.h */,
				E2006275192A1B8400142609 /* InventoryQuestion.m */,
				84FC238919235AC10012F57C /* InventoryQuestion+AAAdditions.h */,
				84FC238A19235AC10012F57C /* InventoryQuestion+AAAdditions.m */,
				E200626B192A1B8400142609 /* Resentment.h */,
				E200626C192A1B8400142609 /* Resentment.m */,
			);
			name = "Managed Objects";
			sourceTree = "<group>";
		};
		846ABC26192B30F700558785 /* Assets */ = {
			isa = PBXGroup;
			children = (
				84FEDF1D191BD46200767CB0 /* Main_iPhone.storyboard */,
				84EBC3491915CD250063F4EA /* Main_iPad.storyboard */,
				84EBC34F1915CD250063F4EA /* Images.xcassets */,
			);
			name = Assets;
			sourceTree = "<group>";
		};
		84EBC3281915CD250063F4EA = {
			isa = PBXGroup;
			children = (
				84EBC33A1915CD250063F4EA /* Steps */,
				84EBC35C1915CD250063F4EA /* StepsTests */,
				84EBC3331915CD250063F4EA /* Frameworks */,
				84EBC3321915CD250063F4EA /* Products */,
			);
			sourceTree = "<group>";
		};
		84EBC3321915CD250063F4EA /* Products */ = {
			isa = PBXGroup;
			children = (
				84EBC3311915CD250063F4EA /* Steps.app */,
				84EBC3551915CD250063F4EA /* StepsTests.xctest */,
				84FAD12A191A8F1800B72BC5 /* Steps_Tests.xctest */,
			);
			name = Products;
			sourceTree = "<group>";
		};
		84EBC3331915CD250063F4EA /* Frameworks */ = {
			isa = PBXGroup;
			children = (
				846ABC27192BB15A00558785 /* AddressBookUI.framework */,
				E2006251192A103C00142609 /* AddressBook.framework */,
				84FEDF29191CE05400767CB0 /* CoreData.framework */,
				84FEDF03191B77F900767CB0 /* EventKit.framework */,
				84EBC3341915CD250063F4EA /* Foundation.framework */,
				84EBC3361915CD250063F4EA /* CoreGraphics.framework */,
				84EBC3381915CD250063F4EA /* UIKit.framework */,
				84EBC3561915CD250063F4EA /* XCTest.framework */,
			);
			name = Frameworks;
			sourceTree = "<group>";
		};
		84EBC33A1915CD250063F4EA /* Steps */ = {
			isa = PBXGroup;
			children = (
				84EBC37B19161DB00063F4EA /* Models */,
				84491B2F1918A767006073B3 /* Views */,
				84EBC3721915D3750063F4EA /* Controllers */,
				846ABC26192B30F700558785 /* Assets */,
				84EBC33B1915CD250063F4EA /* Supporting Files */,
			);
			path = Steps;
			sourceTree = "<group>";
		};
		84EBC33B1915CD250063F4EA /* Supporting Files */ = {
			isa = PBXGroup;
			children = (
				84EBC3431915CD250063F4EA /* AAAppDelegate.h */,
				84EBC3441915CD250063F4EA /* AAAppDelegate.m */,
				844A7B741920C62B004AD4A8 /* NSDate+AAAdditions.h */,
				844A7B751920C62B004AD4A8 /* NSDate+AAAdditions.m */,
				84EBC33C1915CD250063F4EA /* Steps-Info.plist */,
				84EBC33D1915CD250063F4EA /* InfoPlist.strings */,
				84EBC3401915CD250063F4EA /* main.m */,
				84EBC3421915CD250063F4EA /* Steps-Prefix.pch */,
			);
			name = "Supporting Files";
			sourceTree = "<group>";
		};
		84EBC35C1915CD250063F4EA /* StepsTests */ = {
			isa = PBXGroup;
			children = (
				84EBC35D1915CD250063F4EA /* Supporting Files */,
				84FEDF2B191D181400767CB0 /* AAUserDataManagerTests.m */,
			);
			path = StepsTests;
			sourceTree = "<group>";
		};
		84EBC35D1915CD250063F4EA /* Supporting Files */ = {
			isa = PBXGroup;
			children = (
				84EBC35E1915CD250063F4EA /* StepsTests-Info.plist */,
				84EBC35F1915CD250063F4EA /* InfoPlist.strings */,
			);
			name = "Supporting Files";
			sourceTree = "<group>";
		};
		84EBC3721915D3750063F4EA /* Controllers */ = {
			isa = PBXGroup;
			children = (
				E2006254192A117000142609 /* Contacts */,
				E2006253192A116600142609 /* Daily Inventory */,
			);
			name = Controllers;
			path = ..;
			sourceTree = "<group>";
		};
		84EBC37B19161DB00063F4EA /* Models */ = {
			isa = PBXGroup;
			children = (
				846ABC25192B308200558785 /* Managed Objects */,
				84FEDF08191BCBD700767CB0 /* Model.xcdatamodeld */,
				84FEDF26191CDF3700767CB0 /* AAUserDataManager.h */,
				84FEDF27191CDF3700767CB0 /* AAUserDataManager.m */,
			);
			name = Models;
			sourceTree = "<group>";
		};
		E2006253192A116600142609 /* Daily Inventory */ = {
			isa = PBXGroup;
			children = (
				84FEDF23191BD9BF00767CB0 /* AADailyInventoryViewController.h */,
				84FEDF24191BD9BF00767CB0 /* AADailyInventoryViewController.m */,
				84FEDF3C191DBB1900767CB0 /* AAEditDailyInventoryViewController.h */,
				84FEDF3D191DBB1900767CB0 /* AAEditDailyInventoryViewController.m */,
			);
			name = "Daily Inventory";
			sourceTree = "<group>";
		};
		E2006254192A117000142609 /* Contacts */ = {
			isa = PBXGroup;
			children = (
				E2006256192A11A900142609 /* AAContactsListViewController.h */,
				E2006257192A11A900142609 /* AAContactsListViewController.m */,
			);
			name = Contacts;
			sourceTree = "<group>";
		};
		E2006255192A117C00142609 /* Daily Inventory */ = {
			isa = PBXGroup;
			children = (
				843273DD191DC67B0085B484 /* AADailyInventoryQuestionTableViewCell.h */,
				843273DE191DC67B0085B484 /* AADailyInventoryQuestionTableViewCell.m */,
				842AC506192512B2001EC6CC /* AADailyInventoryYesNoQuestionTableViewCell.h */,
				842AC507192512B2001EC6CC /* AADailyInventoryYesNoQuestionTableViewCell.m */,
				842AC5091925134A001EC6CC /* AADailyInventoryDescriptiveQuestionTableViewCell.h */,
				842AC50A1925134A001EC6CC /* AADailyInventoryDescriptiveQuestionTableViewCell.m */,
			);
			name = "Daily Inventory";
			sourceTree = "<group>";
		};
/* End PBXGroup section */

/* Begin PBXNativeTarget section */
		84EBC3301915CD250063F4EA /* Steps */ = {
			isa = PBXNativeTarget;
			buildConfigurationList = 84EBC3661915CD250063F4EA /* Build configuration list for PBXNativeTarget "Steps" */;
			buildPhases = (
				84EBC32D1915CD250063F4EA /* Sources */,
				84EBC32E1915CD250063F4EA /* Frameworks */,
				84EBC32F1915CD250063F4EA /* Resources */,
			);
			buildRules = (
			);
			dependencies = (
			);
			name = Steps;
			productName = Steps;
			productReference = 84EBC3311915CD250063F4EA /* Steps.app */;
			productType = "com.apple.product-type.application";
		};
		84EBC3541915CD250063F4EA /* StepsTests */ = {
			isa = PBXNativeTarget;
			buildConfigurationList = 84EBC3691915CD250063F4EA /* Build configuration list for PBXNativeTarget "StepsTests" */;
			buildPhases = (
				84EBC3511915CD250063F4EA /* Sources */,
				84EBC3521915CD250063F4EA /* Frameworks */,
				84EBC3531915CD250063F4EA /* Resources */,
			);
			buildRules = (
			);
			dependencies = (
				84EBC35B1915CD250063F4EA /* PBXTargetDependency */,
			);
			name = StepsTests;
			productName = StepsTests;
			productReference = 84EBC3551915CD250063F4EA /* StepsTests.xctest */;
			productType = "com.apple.product-type.bundle.unit-test";
		};
		84FAD129191A8F1800B72BC5 /* Steps_Tests */ = {
			isa = PBXNativeTarget;
			buildConfigurationList = 84FAD139191A8F1800B72BC5 /* Build configuration list for PBXNativeTarget "Steps_Tests" */;
			buildPhases = (
				84FAD126191A8F1800B72BC5 /* Sources */,
				84FAD127191A8F1800B72BC5 /* Frameworks */,
				84FAD128191A8F1800B72BC5 /* Resources */,
			);
			buildRules = (
			);
			dependencies = (
				84FAD138191A8F1800B72BC5 /* PBXTargetDependency */,
			);
			name = Steps_Tests;
			productName = Steps_Tests;
			productReference = 84FAD12A191A8F1800B72BC5 /* Steps_Tests.xctest */;
			productType = "com.apple.product-type.bundle.unit-test";
		};
/* End PBXNativeTarget section */

/* Begin PBXProject section */
		84EBC3291915CD250063F4EA /* Project object */ = {
			isa = PBXProject;
			attributes = {
				CLASSPREFIX = AA;
				LastUpgradeCheck = 0510;
				ORGANIZATIONNAME = "spitzgoby LLC";
				TargetAttributes = {
					84EBC3301915CD250063F4EA = {
						DevelopmentTeam = ZV7JS29D52;
					};
					84EBC3541915CD250063F4EA = {
						TestTargetID = 84EBC3301915CD250063F4EA;
					};
					84FAD129191A8F1800B72BC5 = {
						TestTargetID = 84EBC3301915CD250063F4EA;
					};
				};
			};
			buildConfigurationList = 84EBC32C1915CD250063F4EA /* Build configuration list for PBXProject "Steps" */;
			compatibilityVersion = "Xcode 3.2";
			developmentRegion = English;
			hasScannedForEncodings = 0;
			knownRegions = (
				en,
				Base,
			);
			mainGroup = 84EBC3281915CD250063F4EA;
			productRefGroup = 84EBC3321915CD250063F4EA /* Products */;
			projectDirPath = "";
			projectRoot = "";
			targets = (
				84EBC3301915CD250063F4EA /* Steps */,
				84EBC3541915CD250063F4EA /* StepsTests */,
				84FAD129191A8F1800B72BC5 /* Steps_Tests */,
			);
		};
/* End PBXProject section */

/* Begin PBXResourcesBuildPhase section */
		84EBC32F1915CD250063F4EA /* Resources */ = {
			isa = PBXResourcesBuildPhase;
			buildActionMask = 2147483647;
			files = (
				84FEDF1F191BD46200767CB0 /* Main_iPhone.storyboard in Resources */,
				84EBC34B1915CD250063F4EA /* Main_iPad.storyboard in Resources */,
				84EBC3501915CD250063F4EA /* Images.xcassets in Resources */,
				84EBC33F1915CD250063F4EA /* InfoPlist.strings in Resources */,
			);
			runOnlyForDeploymentPostprocessing = 0;
		};
		84EBC3531915CD250063F4EA /* Resources */ = {
			isa = PBXResourcesBuildPhase;
			buildActionMask = 2147483647;
			files = (
				84EBC3611915CD250063F4EA /* InfoPlist.strings in Resources */,
			);
			runOnlyForDeploymentPostprocessing = 0;
		};
		84FAD128191A8F1800B72BC5 /* Resources */ = {
			isa = PBXResourcesBuildPhase;
			buildActionMask = 2147483647;
			files = (
			);
			runOnlyForDeploymentPostprocessing = 0;
		};
/* End PBXResourcesBuildPhase section */

/* Begin PBXSourcesBuildPhase section */
		84EBC32D1915CD250063F4EA /* Sources */ = {
			isa = PBXSourcesBuildPhase;
			buildActionMask = 2147483647;
			files = (
				842AC508192512B2001EC6CC /* AADailyInventoryYesNoQuestionTableViewCell.m in Sources */,
				84FEDF3B191DA95D00767CB0 /* DailyInventory+AAAdditions.m in Sources */,
				E200626A192A1B8300142609 /* Amend.m in Sources */,
				84FC238B19235AC10012F57C /* InventoryQuestion+AAAdditions.m in Sources */,
				E2006276192A1B8400142609 /* InventoryQuestion.m in Sources */,
				84FEDF3E191DBB1900767CB0 /* AAEditDailyInventoryViewController.m in Sources */,
				844A7B761920C62B004AD4A8 /* NSDate+AAAdditions.m in Sources */,
				E246D1291926187700D0CC1E /* AACallButton.m in Sources */,
				E2006273192A1B8400142609 /* DailyInventory.m in Sources */,
				84FEDF25191BD9BF00767CB0 /* AADailyInventoryViewController.m in Sources */,
				843273DF191DC67B0085B484 /* AADailyInventoryQuestionTableViewCell.m in Sources */,
				84FEDF0A191BCBD700767CB0 /* Model.xcdatamodeld in Sources */,
				E2006270192A1B8400142609 /* Contact.m in Sources */,
				84EBC3451915CD250063F4EA /* AAAppDelegate.m in Sources */,
				84FEDF28191CDF3700767CB0 /* AAUserDataManager.m in Sources */,
				84FEDF2F191D292700767CB0 /* Amend+AAAdditions.m in Sources */,
				84EBC3411915CD250063F4EA /* main.m in Sources */,
				E200626D192A1B8400142609 /* Resentment.m in Sources */,
				E2006258192A11A900142609 /* AAContactsListViewController.m in Sources */,
				842AC50B1925134A001EC6CC /* AADailyInventoryDescriptiveQuestionTableViewCell.m in Sources */,
			);
			runOnlyForDeploymentPostprocessing = 0;
		};
		84EBC3511915CD250063F4EA /* Sources */ = {
			isa = PBXSourcesBuildPhase;
			buildActionMask = 2147483647;
			files = (
				84FEDF2C191D181400767CB0 /* AAUserDataManagerTests.m in Sources */,
			);
			runOnlyForDeploymentPostprocessing = 0;
		};
		84FAD126191A8F1800B72BC5 /* Sources */ = {
			isa = PBXSourcesBuildPhase;
			buildActionMask = 2147483647;
			files = (
			);
			runOnlyForDeploymentPostprocessing = 0;
		};
/* End PBXSourcesBuildPhase section */

/* Begin PBXTargetDependency section */
		84EBC35B1915CD250063F4EA /* PBXTargetDependency */ = {
			isa = PBXTargetDependency;
			target = 84EBC3301915CD250063F4EA /* Steps */;
			targetProxy = 84EBC35A1915CD250063F4EA /* PBXContainerItemProxy */;
		};
		84FAD138191A8F1800B72BC5 /* PBXTargetDependency */ = {
			isa = PBXTargetDependency;
			target = 84EBC3301915CD250063F4EA /* Steps */;
			targetProxy = 84FAD137191A8F1800B72BC5 /* PBXContainerItemProxy */;
		};
/* End PBXTargetDependency section */

/* Begin PBXVariantGroup section */
		84EBC33D1915CD250063F4EA /* InfoPlist.strings */ = {
			isa = PBXVariantGroup;
			children = (
				84EBC33E1915CD250063F4EA /* en */,
			);
			name = InfoPlist.strings;
			sourceTree = "<group>";
		};
		84EBC3491915CD250063F4EA /* Main_iPad.storyboard */ = {
			isa = PBXVariantGroup;
			children = (
				84EBC34A1915CD250063F4EA /* Base */,
			);
			name = Main_iPad.storyboard;
			sourceTree = "<group>";
		};
		84EBC35F1915CD250063F4EA /* InfoPlist.strings */ = {
			isa = PBXVariantGroup;
			children = (
				84EBC3601915CD250063F4EA /* en */,
			);
			name = InfoPlist.strings;
			sourceTree = "<group>";
		};
		84FEDF1D191BD46200767CB0 /* Main_iPhone.storyboard */ = {
			isa = PBXVariantGroup;
			children = (
				84FEDF1E191BD46200767CB0 /* Base */,
			);
			name = Main_iPhone.storyboard;
			path = ..;
			sourceTree = "<group>";
		};
/* End PBXVariantGroup section */

/* Begin XCBuildConfiguration section */
		84EBC3641915CD250063F4EA /* Debug */ = {
			isa = XCBuildConfiguration;
			buildSettings = {
				ALWAYS_SEARCH_USER_PATHS = NO;
				CLANG_CXX_LANGUAGE_STANDARD = "gnu++0x";
				CLANG_CXX_LIBRARY = "libc++";
				CLANG_ENABLE_MODULES = YES;
				CLANG_ENABLE_OBJC_ARC = YES;
				CLANG_WARN_BOOL_CONVERSION = YES;
				CLANG_WARN_CONSTANT_CONVERSION = YES;
				CLANG_WARN_DIRECT_OBJC_ISA_USAGE = YES_ERROR;
				CLANG_WARN_EMPTY_BODY = YES;
				CLANG_WARN_ENUM_CONVERSION = YES;
				CLANG_WARN_INT_CONVERSION = YES;
				CLANG_WARN_OBJC_ROOT_CLASS = YES_ERROR;
				CLANG_WARN__DUPLICATE_METHOD_MATCH = YES;
				"CODE_SIGN_IDENTITY[sdk=iphoneos*]" = "iPhone Developer";
				COPY_PHASE_STRIP = NO;
				GCC_C_LANGUAGE_STANDARD = gnu99;
				GCC_DYNAMIC_NO_PIC = NO;
				GCC_OPTIMIZATION_LEVEL = 0;
				GCC_PREPROCESSOR_DEFINITIONS = (
					"DEBUG=1",
					"$(inherited)",
				);
				GCC_SYMBOLS_PRIVATE_EXTERN = NO;
				GCC_WARN_64_TO_32_BIT_CONVERSION = YES;
				GCC_WARN_ABOUT_RETURN_TYPE = YES_ERROR;
				GCC_WARN_UNDECLARED_SELECTOR = YES;
				GCC_WARN_UNINITIALIZED_AUTOS = YES_AGGRESSIVE;
				GCC_WARN_UNUSED_FUNCTION = YES;
				GCC_WARN_UNUSED_VARIABLE = YES;
				IPHONEOS_DEPLOYMENT_TARGET = 7.1;
				ONLY_ACTIVE_ARCH = YES;
				SDKROOT = iphoneos;
				TARGETED_DEVICE_FAMILY = "1,2";
			};
			name = Debug;
		};
		84EBC3651915CD250063F4EA /* Release */ = {
			isa = XCBuildConfiguration;
			buildSettings = {
				ALWAYS_SEARCH_USER_PATHS = NO;
				CLANG_CXX_LANGUAGE_STANDARD = "gnu++0x";
				CLANG_CXX_LIBRARY = "libc++";
				CLANG_ENABLE_MODULES = YES;
				CLANG_ENABLE_OBJC_ARC = YES;
				CLANG_WARN_BOOL_CONVERSION = YES;
				CLANG_WARN_CONSTANT_CONVERSION = YES;
				CLANG_WARN_DIRECT_OBJC_ISA_USAGE = YES_ERROR;
				CLANG_WARN_EMPTY_BODY = YES;
				CLANG_WARN_ENUM_CONVERSION = YES;
				CLANG_WARN_INT_CONVERSION = YES;
				CLANG_WARN_OBJC_ROOT_CLASS = YES_ERROR;
				CLANG_WARN__DUPLICATE_METHOD_MATCH = YES;
				"CODE_SIGN_IDENTITY[sdk=iphoneos*]" = "iPhone Developer";
				COPY_PHASE_STRIP = YES;
				ENABLE_NS_ASSERTIONS = NO;
				GCC_C_LANGUAGE_STANDARD = gnu99;
				GCC_WARN_64_TO_32_BIT_CONVERSION = YES;
				GCC_WARN_ABOUT_RETURN_TYPE = YES_ERROR;
				GCC_WARN_UNDECLARED_SELECTOR = YES;
				GCC_WARN_UNINITIALIZED_AUTOS = YES_AGGRESSIVE;
				GCC_WARN_UNUSED_FUNCTION = YES;
				GCC_WARN_UNUSED_VARIABLE = YES;
				IPHONEOS_DEPLOYMENT_TARGET = 7.1;
				SDKROOT = iphoneos;
				TARGETED_DEVICE_FAMILY = "1,2";
				VALIDATE_PRODUCT = YES;
			};
			name = Release;
		};
		84EBC3671915CD250063F4EA /* Debug */ = {
			isa = XCBuildConfiguration;
			buildSettings = {
				ASSETCATALOG_COMPILER_APPICON_NAME = AppIcon;
				ASSETCATALOG_COMPILER_LAUNCHIMAGE_NAME = LaunchImage;
				CODE_SIGN_IDENTITY = "iPhone Developer";
				"CODE_SIGN_IDENTITY[sdk=iphoneos*]" = "iPhone Developer";
				GCC_PRECOMPILE_PREFIX_HEADER = YES;
				GCC_PREFIX_HEADER = "Steps/Steps-Prefix.pch";
				INFOPLIST_FILE = "Steps/Steps-Info.plist";
				IPHONEOS_DEPLOYMENT_TARGET = 7.1;
				PRODUCT_NAME = "$(TARGET_NAME)";
				PROVISIONING_PROFILE = "";
				WRAPPER_EXTENSION = app;
			};
			name = Debug;
		};
		84EBC3681915CD250063F4EA /* Release */ = {
			isa = XCBuildConfiguration;
			buildSettings = {
				ASSETCATALOG_COMPILER_APPICON_NAME = AppIcon;
				ASSETCATALOG_COMPILER_LAUNCHIMAGE_NAME = LaunchImage;
				CODE_SIGN_IDENTITY = "iPhone Developer";
				"CODE_SIGN_IDENTITY[sdk=iphoneos*]" = "iPhone Developer";
				GCC_PRECOMPILE_PREFIX_HEADER = YES;
				GCC_PREFIX_HEADER = "Steps/Steps-Prefix.pch";
				INFOPLIST_FILE = "Steps/Steps-Info.plist";
				IPHONEOS_DEPLOYMENT_TARGET = 7.1;
				PRODUCT_NAME = "$(TARGET_NAME)";
				PROVISIONING_PROFILE = "";
				WRAPPER_EXTENSION = app;
			};
			name = Release;
		};
		84EBC36A1915CD250063F4EA /* Debug */ = {
			isa = XCBuildConfiguration;
			buildSettings = {
				BUNDLE_LOADER = "$(BUILT_PRODUCTS_DIR)/Steps.app/Steps";
				FRAMEWORK_SEARCH_PATHS = (
					"$(SDKROOT)/Developer/Library/Frameworks",
					"$(inherited)",
					"$(DEVELOPER_FRAMEWORKS_DIR)",
				);
				GCC_PRECOMPILE_PREFIX_HEADER = YES;
				GCC_PREFIX_HEADER = "Steps/Steps-Prefix.pch";
				GCC_PREPROCESSOR_DEFINITIONS = (
					"DEBUG=1",
					"$(inherited)",
				);
				INFOPLIST_FILE = "StepsTests/StepsTests-Info.plist";
				IPHONEOS_DEPLOYMENT_TARGET = 7.0;
				PRODUCT_NAME = "$(TARGET_NAME)";
				TEST_HOST = "$(BUNDLE_LOADER)";
				WRAPPER_EXTENSION = xctest;
			};
			name = Debug;
		};
		84EBC36B1915CD250063F4EA /* Release */ = {
			isa = XCBuildConfiguration;
			buildSettings = {
				BUNDLE_LOADER = "$(BUILT_PRODUCTS_DIR)/Steps.app/Steps";
				FRAMEWORK_SEARCH_PATHS = (
					"$(SDKROOT)/Developer/Library/Frameworks",
					"$(inherited)",
					"$(DEVELOPER_FRAMEWORKS_DIR)",
				);
				GCC_PRECOMPILE_PREFIX_HEADER = YES;
				GCC_PREFIX_HEADER = "Steps/Steps-Prefix.pch";
				INFOPLIST_FILE = "StepsTests/StepsTests-Info.plist";
				IPHONEOS_DEPLOYMENT_TARGET = 7.0;
				PRODUCT_NAME = "$(TARGET_NAME)";
				TEST_HOST = "$(BUNDLE_LOADER)";
				WRAPPER_EXTENSION = xctest;
			};
			name = Release;
		};
		84FAD13A191A8F1800B72BC5 /* Debug */ = {
			isa = XCBuildConfiguration;
			buildSettings = {
				BUNDLE_LOADER = "$(BUILT_PRODUCTS_DIR)/Steps.app/Steps";
				FRAMEWORK_SEARCH_PATHS = (
					"$(SDKROOT)/Developer/Library/Frameworks",
					"$(inherited)",
					"$(DEVELOPER_FRAMEWORKS_DIR)",
				);
				GCC_PRECOMPILE_PREFIX_HEADER = YES;
				GCC_PREFIX_HEADER = "Steps_Tests/Steps_Tests-Prefix.pch";
				GCC_PREPROCESSOR_DEFINITIONS = (
					"DEBUG=1",
					"$(inherited)",
				);
				INFOPLIST_FILE = "Steps_Tests/Steps_Tests-Info.plist";
				IPHONEOS_DEPLOYMENT_TARGET = 7.0;
				PRODUCT_NAME = "$(TARGET_NAME)";
				TEST_HOST = "$(BUNDLE_LOADER)";
				WRAPPER_EXTENSION = xctest;
			};
			name = Debug;
		};
		84FAD13B191A8F1800B72BC5 /* Release */ = {
			isa = XCBuildConfiguration;
			buildSettings = {
				BUNDLE_LOADER = "$(BUILT_PRODUCTS_DIR)/Steps.app/Steps";
				FRAMEWORK_SEARCH_PATHS = (
					"$(SDKROOT)/Developer/Library/Frameworks",
					"$(inherited)",
					"$(DEVELOPER_FRAMEWORKS_DIR)",
				);
				GCC_PRECOMPILE_PREFIX_HEADER = YES;
				GCC_PREFIX_HEADER = "Steps_Tests/Steps_Tests-Prefix.pch";
				INFOPLIST_FILE = "Steps_Tests/Steps_Tests-Info.plist";
				IPHONEOS_DEPLOYMENT_TARGET = 7.0;
				PRODUCT_NAME = "$(TARGET_NAME)";
				TEST_HOST = "$(BUNDLE_LOADER)";
				WRAPPER_EXTENSION = xctest;
			};
			name = Release;
		};
/* End XCBuildConfiguration section */

/* Begin XCConfigurationList section */
		84EBC32C1915CD250063F4EA /* Build configuration list for PBXProject "Steps" */ = {
			isa = XCConfigurationList;
			buildConfigurations = (
				84EBC3641915CD250063F4EA /* Debug */,
				84EBC3651915CD250063F4EA /* Release */,
			);
			defaultConfigurationIsVisible = 0;
			defaultConfigurationName = Release;
		};
		84EBC3661915CD250063F4EA /* Build configuration list for PBXNativeTarget "Steps" */ = {
			isa = XCConfigurationList;
			buildConfigurations = (
				84EBC3671915CD250063F4EA /* Debug */,
				84EBC3681915CD250063F4EA /* Release */,
			);
			defaultConfigurationIsVisible = 0;
			defaultConfigurationName = Release;
		};
		84EBC3691915CD250063F4EA /* Build configuration list for PBXNativeTarget "StepsTests" */ = {
			isa = XCConfigurationList;
			buildConfigurations = (
				84EBC36A1915CD250063F4EA /* Debug */,
				84EBC36B1915CD250063F4EA /* Release */,
			);
			defaultConfigurationIsVisible = 0;
			defaultConfigurationName = Release;
		};
		84FAD139191A8F1800B72BC5 /* Build configuration list for PBXNativeTarget "Steps_Tests" */ = {
			isa = XCConfigurationList;
			buildConfigurations = (
				84FAD13A191A8F1800B72BC5 /* Debug */,
				84FAD13B191A8F1800B72BC5 /* Release */,
			);
			defaultConfigurationIsVisible = 0;
			defaultConfigurationName = Release;
		};
/* End XCConfigurationList section */

/* Begin XCVersionGroup section */
		84FEDF08191BCBD700767CB0 /* Model.xcdatamodeld */ = {
			isa = XCVersionGroup;
			children = (
				84FEDF09191BCBD700767CB0 /* Model.xcdatamodel */,
			);
			currentVersion = 84FEDF09191BCBD700767CB0 /* Model.xcdatamodel */;
			name = Model.xcdatamodeld;
			path = ../Classes/Model.xcdatamodeld;
			sourceTree = "<group>";
			versionGroupType = wrapper.xcdatamodel;
		};
/* End XCVersionGroup section */
	};
	rootObject = 84EBC3291915CD250063F4EA /* Project object */;
}
